
Microsoft Visual Studio Solution File, Format Version 12.00
# Visual Studio Version 17
VisualStudioVersion = 17.4.33110.190
MinimumVisualStudioVersion = 10.0.40219.1
Project("{FAE04EC0-301F-11D3-BF4B-00C04F79EFBC}") = "LibraryM", "LibraryM\LibraryM.csproj", "{0EC482A8-9A5F-4F20-A7C4-54248CC3052C}"
EndProject
Global
	GlobalSection(SolutionConfigurationPlatforms) = preSolution
		Debug|Any CPU = Debug|Any CPU
		Release|Any CPU = Release|Any CPU
	EndGlobalSection
	GlobalSection(ProjectConfigurationPlatforms) = postSolution
		{0EC482A8-9A5F-4F20-A7C4-54248CC3052C}.Debug|Any CPU.ActiveCfg = Debug|Any CPU
		{0EC482A8-9A5F-4F20-A7C4-54248CC3052C}.Debug|Any CPU.Build.0 = Debug|Any CPU
		{0EC482A8-9A5F-4F20-A7C4-54248CC3052C}.Release|Any CPU.ActiveCfg = Release|Any CPU
		{0EC482A8-9A5F-4F20-A7C4-54248CC3052C}.Release|Any CPU.Build.0 = Release|Any CPU
	EndGlobalSection
	GlobalSection(SolutionProperties) = preSolution
		HideSolutionNode = FALSE
	EndGlobalSection
	GlobalSection(ExtensibilityGlobals) = postSolution
		SolutionGuid = {A39F6748-DC28-4C96-9B3A-B8B4F60FA0C8}
	EndGlobalSection
EndGlobal
